github.com/go-sql-driver/mysql v1.6.0 h1:BCTh4TKNUYmOmMUcQ3IipzF5prigylS7XXjEkfCHuOE=
github.com/go-sql-driver/mysql v1.6.0/go.mod h1:DCzpHaOWr8IXmIStZouvnhqoel9Qv2LBy8hT2VhHyBg=
github.com/sarulabs/di v2.0.0+incompatible h1:gsiKbengnJvdA+XkdV7SqlH3kFQMaIqKD+rgefIRwS0=
github.com/sarulabs/di v2.0.0+incompatible/go.mod h1:w5YAFs2sBoVzwDsWaBqJ2NzOmUHo/EZKdB3DOJ+BmHI=
